
Microsoft Visual Studio Solution File, Format Version 12.00
# Visual Studio Version 17
VisualStudioVersion = 17.0.31903.59
MinimumVisualStudioVersion = 10.0.40219.1
Project("{2150E333-8FDC-42A3-9474-1A3956D46DE8}") = "src", "src", "{A52A05B7-37EC-45A1-9407-6CA5CF4F00E1}"
EndProject
Project("{FAE04EC0-301F-11D3-BF4B-00C04F79EFBC}") = "AuthService", "src\AuthService\AuthService.csproj", "{8BDAB103-DF1A-4959-AD69-1E7F9973652D}"
EndProject
Project("{FAE04EC0-301F-11D3-BF4B-00C04F79EFBC}") = "FlowerService", "src\FlowerService\FlowerService.csproj", "{079CDAAB-FED4-4DD4-A600-3CD81CF9D7C6}"
EndProject
Project("{FAE04EC0-301F-11D3-BF4B-00C04F79EFBC}") = "MediaService", "src\MediaService\MediaService.csproj", "{0349B744-58AA-4628-B67D-2F786A2FD5C7}"
EndProject
Project("{FAE04EC0-301F-11D3-BF4B-00C04F79EFBC}") = "CommentService", "src\CommentService\CommentService.csproj", "{F1B4414F-0F96-443A-BE7B-6FED304585CE}"
EndProject
Project("{FAE04EC0-301F-11D3-BF4B-00C04F79EFBC}") = "OrderService", "src\OrderService\OrderService.csproj", "{8372BD5F-EF7F-46DA-A567-853B71ACF978}"
EndProject
Project("{FAE04EC0-301F-11D3-BF4B-00C04F79EFBC}") = "NotificationService", "src\NotificationService\NotificationService.csproj", "{19E4E688-9B48-4F67-B0ED-088CA4C46738}"
EndProject
Project("{FAE04EC0-301F-11D3-BF4B-00C04F79EFBC}") = "DeliveryService", "src\DeliveryService\DeliveryService.csproj", "{B40AECD5-103C-4593-8FB7-0D387F148849}"
EndProject
Project("{FAE04EC0-301F-11D3-BF4B-00C04F79EFBC}") = "SearchService", "src\SearchService\SearchService.csproj", "{04CBA22D-5426-431D-A633-F98F682C8816}"
EndProject
Project("{2150E333-8FDC-42A3-9474-1A3956D46DE8}") = "Common", "Common", "{114C3FC8-797E-4709-A906-4BF4C4E59131}"
EndProject
Project("{FAE04EC0-301F-11D3-BF4B-00C04F79EFBC}") = "Authentication", "src\Common\Authentication\Authentication.csproj", "{C208B8FD-BF70-4239-BA3E-4FE4D182498D}"
EndProject
Project("{FAE04EC0-301F-11D3-BF4B-00C04F79EFBC}") = "DataAccess", "src\Common\DataAccess\DataAccess.csproj", "{D1291997-D859-4741-939A-46B78314EBEC}"
EndProject
Project("{FAE04EC0-301F-11D3-BF4B-00C04F79EFBC}") = "Events", "src\Common\Events\Events.csproj", "{F33A95DA-CAEF-4FB7-99B1-874D871C2B05}"
EndProject
Project("{FAE04EC0-301F-11D3-BF4B-00C04F79EFBC}") = "MediaProcessing", "src\Common\MediaProcessing\MediaProcessing.csproj", "{BB6A5564-B7D0-4548-9C15-A2D33458B1BE}"
EndProject
Project("{FAE04EC0-301F-11D3-BF4B-00C04F79EFBC}") = "Geospatial", "src\Common\Geospatial\Geospatial.csproj", "{2FFE60AF-DA60-4658-9C8D-6F3619141D2B}"
EndProject
Global
	GlobalSection(SolutionConfigurationPlatforms) = preSolution
		Debug|Any CPU = Debug|Any CPU
		Release|Any CPU = Release|Any CPU
	EndGlobalSection
	GlobalSection(SolutionProperties) = preSolution
		HideSolutionNode = FALSE
	EndGlobalSection
	GlobalSection(ProjectConfigurationPlatforms) = postSolution
		{8BDAB103-DF1A-4959-AD69-1E7F9973652D}.Debug|Any CPU.ActiveCfg = Debug|Any CPU
		{8BDAB103-DF1A-4959-AD69-1E7F9973652D}.Debug|Any CPU.Build.0 = Debug|Any CPU
		{8BDAB103-DF1A-4959-AD69-1E7F9973652D}.Release|Any CPU.ActiveCfg = Release|Any CPU
		{8BDAB103-DF1A-4959-AD69-1E7F9973652D}.Release|Any CPU.Build.0 = Release|Any CPU
		{079CDAAB-FED4-4DD4-A600-3CD81CF9D7C6}.Debug|Any CPU.ActiveCfg = Debug|Any CPU
		{079CDAAB-FED4-4DD4-A600-3CD81CF9D7C6}.Debug|Any CPU.Build.0 = Debug|Any CPU
		{079CDAAB-FED4-4DD4-A600-3CD81CF9D7C6}.Release|Any CPU.ActiveCfg = Release|Any CPU
		{079CDAAB-FED4-4DD4-A600-3CD81CF9D7C6}.Release|Any CPU.Build.0 = Release|Any CPU
		{0349B744-58AA-4628-B67D-2F786A2FD5C7}.Debug|Any CPU.ActiveCfg = Debug|Any CPU
		{0349B744-58AA-4628-B67D-2F786A2FD5C7}.Debug|Any CPU.Build.0 = Debug|Any CPU
		{0349B744-58AA-4628-B67D-2F786A2FD5C7}.Release|Any CPU.ActiveCfg = Release|Any CPU
		{0349B744-58AA-4628-B67D-2F786A2FD5C7}.Release|Any CPU.Build.0 = Release|Any CPU
		{F1B4414F-0F96-443A-BE7B-6FED304585CE}.Debug|Any CPU.ActiveCfg = Debug|Any CPU
		{F1B4414F-0F96-443A-BE7B-6FED304585CE}.Debug|Any CPU.Build.0 = Debug|Any CPU
		{F1B4414F-0F96-443A-BE7B-6FED304585CE}.Release|Any CPU.ActiveCfg = Release|Any CPU
		{F1B4414F-0F96-443A-BE7B-6FED304585CE}.Release|Any CPU.Build.0 = Release|Any CPU
		{8372BD5F-EF7F-46DA-A567-853B71ACF978}.Debug|Any CPU.ActiveCfg = Debug|Any CPU
		{8372BD5F-EF7F-46DA-A567-853B71ACF978}.Debug|Any CPU.Build.0 = Debug|Any CPU
		{8372BD5F-EF7F-46DA-A567-853B71ACF978}.Release|Any CPU.ActiveCfg = Release|Any CPU
		{8372BD5F-EF7F-46DA-A567-853B71ACF978}.Release|Any CPU.Build.0 = Release|Any CPU
		{19E4E688-9B48-4F67-B0ED-088CA4C46738}.Debug|Any CPU.ActiveCfg = Debug|Any CPU
		{19E4E688-9B48-4F67-B0ED-088CA4C46738}.Debug|Any CPU.Build.0 = Debug|Any CPU
		{19E4E688-9B48-4F67-B0ED-088CA4C46738}.Release|Any CPU.ActiveCfg = Release|Any CPU
		{19E4E688-9B48-4F67-B0ED-088CA4C46738}.Release|Any CPU.Build.0 = Release|Any CPU
		{B40AECD5-103C-4593-8FB7-0D387F148849}.Debug|Any CPU.ActiveCfg = Debug|Any CPU
		{B40AECD5-103C-4593-8FB7-0D387F148849}.Debug|Any CPU.Build.0 = Debug|Any CPU
		{B40AECD5-103C-4593-8FB7-0D387F148849}.Release|Any CPU.ActiveCfg = Release|Any CPU
		{B40AECD5-103C-4593-8FB7-0D387F148849}.Release|Any CPU.Build.0 = Release|Any CPU
		{04CBA22D-5426-431D-A633-F98F682C8816}.Debug|Any CPU.ActiveCfg = Debug|Any CPU
		{04CBA22D-5426-431D-A633-F98F682C8816}.Debug|Any CPU.Build.0 = Debug|Any CPU
		{04CBA22D-5426-431D-A633-F98F682C8816}.Release|Any CPU.ActiveCfg = Release|Any CPU
		{04CBA22D-5426-431D-A633-F98F682C8816}.Release|Any CPU.Build.0 = Release|Any CPU
		{C208B8FD-BF70-4239-BA3E-4FE4D182498D}.Debug|Any CPU.ActiveCfg = Debug|Any CPU
		{C208B8FD-BF70-4239-BA3E-4FE4D182498D}.Debug|Any CPU.Build.0 = Debug|Any CPU
		{C208B8FD-BF70-4239-BA3E-4FE4D182498D}.Release|Any CPU.ActiveCfg = Release|Any CPU
		{C208B8FD-BF70-4239-BA3E-4FE4D182498D}.Release|Any CPU.Build.0 = Release|Any CPU
		{D1291997-D859-4741-939A-46B78314EBEC}.Debug|Any CPU.ActiveCfg = Debug|Any CPU
		{D1291997-D859-4741-939A-46B78314EBEC}.Debug|Any CPU.Build.0 = Debug|Any CPU
		{D1291997-D859-4741-939A-46B78314EBEC}.Release|Any CPU.ActiveCfg = Release|Any CPU
		{D1291997-D859-4741-939A-46B78314EBEC}.Release|Any CPU.Build.0 = Release|Any CPU
		{F33A95DA-CAEF-4FB7-99B1-874D871C2B05}.Debug|Any CPU.ActiveCfg = Debug|Any CPU
		{F33A95DA-CAEF-4FB7-99B1-874D871C2B05}.Debug|Any CPU.Build.0 = Debug|Any CPU
		{F33A95DA-CAEF-4FB7-99B1-874D871C2B05}.Release|Any CPU.ActiveCfg = Release|Any CPU
		{F33A95DA-CAEF-4FB7-99B1-874D871C2B05}.Release|Any CPU.Build.0 = Release|Any CPU
		{BB6A5564-B7D0-4548-9C15-A2D33458B1BE}.Debug|Any CPU.ActiveCfg = Debug|Any CPU
		{BB6A5564-B7D0-4548-9C15-A2D33458B1BE}.Debug|Any CPU.Build.0 = Debug|Any CPU
		{BB6A5564-B7D0-4548-9C15-A2D33458B1BE}.Release|Any CPU.ActiveCfg = Release|Any CPU
		{BB6A5564-B7D0-4548-9C15-A2D33458B1BE}.Release|Any CPU.Build.0 = Release|Any CPU
		{2FFE60AF-DA60-4658-9C8D-6F3619141D2B}.Debug|Any CPU.ActiveCfg = Debug|Any CPU
		{2FFE60AF-DA60-4658-9C8D-6F3619141D2B}.Debug|Any CPU.Build.0 = Debug|Any CPU
		{2FFE60AF-DA60-4658-9C8D-6F3619141D2B}.Release|Any CPU.ActiveCfg = Release|Any CPU
		{2FFE60AF-DA60-4658-9C8D-6F3619141D2B}.Release|Any CPU.Build.0 = Release|Any CPU
	EndGlobalSection
	GlobalSection(NestedProjects) = preSolution
		{8BDAB103-DF1A-4959-AD69-1E7F9973652D} = {A52A05B7-37EC-45A1-9407-6CA5CF4F00E1}
		{079CDAAB-FED4-4DD4-A600-3CD81CF9D7C6} = {A52A05B7-37EC-45A1-9407-6CA5CF4F00E1}
		{0349B744-58AA-4628-B67D-2F786A2FD5C7} = {A52A05B7-37EC-45A1-9407-6CA5CF4F00E1}
		{F1B4414F-0F96-443A-BE7B-6FED304585CE} = {A52A05B7-37EC-45A1-9407-6CA5CF4F00E1}
		{8372BD5F-EF7F-46DA-A567-853B71ACF978} = {A52A05B7-37EC-45A1-9407-6CA5CF4F00E1}
		{19E4E688-9B48-4F67-B0ED-088CA4C46738} = {A52A05B7-37EC-45A1-9407-6CA5CF4F00E1}
		{B40AECD5-103C-4593-8FB7-0D387F148849} = {A52A05B7-37EC-45A1-9407-6CA5CF4F00E1}
		{04CBA22D-5426-431D-A633-F98F682C8816} = {A52A05B7-37EC-45A1-9407-6CA5CF4F00E1}
		{114C3FC8-797E-4709-A906-4BF4C4E59131} = {A52A05B7-37EC-45A1-9407-6CA5CF4F00E1}
		{C208B8FD-BF70-4239-BA3E-4FE4D182498D} = {114C3FC8-797E-4709-A906-4BF4C4E59131}
		{D1291997-D859-4741-939A-46B78314EBEC} = {114C3FC8-797E-4709-A906-4BF4C4E59131}
		{F33A95DA-CAEF-4FB7-99B1-874D871C2B05} = {114C3FC8-797E-4709-A906-4BF4C4E59131}
		{BB6A5564-B7D0-4548-9C15-A2D33458B1BE} = {114C3FC8-797E-4709-A906-4BF4C4E59131}
		{2FFE60AF-DA60-4658-9C8D-6F3619141D2B} = {114C3FC8-797E-4709-A906-4BF4C4E59131}
	EndGlobalSection
EndGlobal
